// !$*UTF8*$!
{
	archiveVersion = 1;
	classes = {
	};
	objectVersion = 46;
	objects = {

/* Begin PBXBuildFile section */
		035D34241B6A8D9300DFEF34 /* StringIndexUtils.swift in Sources */ = {isa = PBXBuildFile; fileRef = 035D34231B6A8D9300DFEF34 /* StringIndexUtils.swift */; };
		035E208B1B664BA100B625E4 /* CoreBluetooth.framework in Frameworks */ = {isa = PBXBuildFile; fileRef = 035E208A1B664BA100B625E4 /* CoreBluetooth.framework */; };
		03ADD75D1B67E2BA000753FC /* HScroller.swift in Sources */ = {isa = PBXBuildFile; fileRef = 03ADD75C1B67E2BA000753FC /* HScroller.swift */; };
		03ADD75F1B67E3D1000753FC /* CardCell.swift in Sources */ = {isa = PBXBuildFile; fileRef = 03ADD75E1B67E3D1000753FC /* CardCell.swift */; };
		03BFC5541B622DE000C290FE /* AppDelegate.swift in Sources */ = {isa = PBXBuildFile; fileRef = 03BFC5531B622DE000C290FE /* AppDelegate.swift */; };
		03BFC55B1B622DE000C290FE /* Images.xcassets in Resources */ = {isa = PBXBuildFile; fileRef = 03BFC55A1B622DE000C290FE /* Images.xcassets */; };
		03BFC55E1B622DE000C290FE /* LaunchScreen.xib in Resources */ = {isa = PBXBuildFile; fileRef = 03BFC55C1B622DE000C290FE /* LaunchScreen.xib */; };
		03BFC56A1B622DE000C290FE /* SirenPokerTests.swift in Sources */ = {isa = PBXBuildFile; fileRef = 03BFC5691B622DE000C290FE /* SirenPokerTests.swift */; };
		03DCA3F71B69F9C300C3E303 /* CardViewController.swift in Sources */ = {isa = PBXBuildFile; fileRef = 03DCA3F51B69F9C300C3E303 /* CardViewController.swift */; };
		03DCA3F81B69F9C300C3E303 /* DeckViewController.swift in Sources */ = {isa = PBXBuildFile; fileRef = 03DCA3F61B69F9C300C3E303 /* DeckViewController.swift */; };
		03DCA3FC1B69F9D000C3E303 /* Card.swift in Sources */ = {isa = PBXBuildFile; fileRef = 03DCA3FA1B69F9D000C3E303 /* Card.swift */; };
		03DCA3FD1B69F9D000C3E303 /* Packet.swift in Sources */ = {isa = PBXBuildFile; fileRef = 03DCA3FB1B69F9D000C3E303 /* Packet.swift */; };
		03DCA4001B69F9E800C3E303 /* Peer.swift in Sources */ = {isa = PBXBuildFile; fileRef = 03DCA3FF1B69F9E800C3E303 /* Peer.swift */; };
		03DCA4041B69FA1400C3E303 /* Notification.swift in Sources */ = {isa = PBXBuildFile; fileRef = 03DCA4021B69FA1400C3E303 /* Notification.swift */; };
		03DCA4051B69FA1400C3E303 /* UserDefaults.swift in Sources */ = {isa = PBXBuildFile; fileRef = 03DCA4031B69FA1400C3E303 /* UserDefaults.swift */; };
		03DCA40B1B6A050200C3E303 /* CardView.swift in Sources */ = {isa = PBXBuildFile; fileRef = 03DCA40A1B6A050200C3E303 /* CardView.swift */; };
		03DCA40D1B6A050F00C3E303 /* CGFloatLiteral.swift in Sources */ = {isa = PBXBuildFile; fileRef = 03DCA40C1B6A050F00C3E303 /* CGFloatLiteral.swift */; };
		6F56B563504E2814F3B820DD /* SwiftyImage_SwiftyImage.swift in Sources */ = {isa = PBXBuildFile; fileRef = 65E7D2810258367F8967DE10 /* SwiftyImage_SwiftyImage.swift */; };
		E4BD6872C5346C9F12C17003 /* SwiftyColor_SwiftyColor.swift in Sources */ = {isa = PBXBuildFile; fileRef = 70EAC5462632CB23A0543B07 /* SwiftyColor_SwiftyColor.swift */; };
/* End PBXBuildFile section */

/* Begin PBXContainerItemProxy section */
		03BFC5641B622DE000C290FE /* PBXContainerItemProxy */ = {
			isa = PBXContainerItemProxy;
			containerPortal = 03BFC5461B622DDF00C290FE /* Project object */;
			proxyType = 1;
			remoteGlobalIDString = 03BFC54D1B622DDF00C290FE;
			remoteInfo = SirenPoker;
		};
/* End PBXContainerItemProxy section */

/* Begin PBXFileReference section */
		035D34231B6A8D9300DFEF34 /* StringIndexUtils.swift */ = {isa = PBXFileReference; fileEncoding = 4; lastKnownFileType = sourcecode.swift; path = StringIndexUtils.swift; sourceTree = "<group>"; };
		035E208A1B664BA100B625E4 /* CoreBluetooth.framework */ = {isa = PBXFileReference; lastKnownFileType = wrapper.framework; name = CoreBluetooth.framework; path = System/Library/Frameworks/CoreBluetooth.framework; sourceTree = SDKROOT; };
		03ADD75C1B67E2BA000753FC /* HScroller.swift */ = {isa = PBXFileReference; fileEncoding = 4; lastKnownFileType = sourcecode.swift; path = HScroller.swift; sourceTree = "<group>"; };
		03ADD75E1B67E3D1000753FC /* CardCell.swift */ = {isa = PBXFileReference; fileEncoding = 4; lastKnownFileType = sourcecode.swift; path = CardCell.swift; sourceTree = "<group>"; };
		03BFC54E1B622DDF00C290FE /* SirenPoker.app */ = {isa = PBXFileReference; explicitFileType = wrapper.application; includeInIndex = 0; path = SirenPoker.app; sourceTree = BUILT_PRODUCTS_DIR; };
		03BFC5521B622DDF00C290FE /* Info.plist */ = {isa = PBXFileReference; lastKnownFileType = text.plist.xml; path = Info.plist; sourceTree = "<group>"; };
		03BFC5531B622DE000C290FE /* AppDelegate.swift */ = {isa = PBXFileReference; lastKnownFileType = sourcecode.swift; path = AppDelegate.swift; sourceTree = "<group>"; };
		03BFC55A1B622DE000C290FE /* Images.xcassets */ = {isa = PBXFileReference; lastKnownFileType = folder.assetcatalog; path = Images.xcassets; sourceTree = "<group>"; };
		03BFC55D1B622DE000C290FE /* Base */ = {isa = PBXFileReference; lastKnownFileType = file.xib; name = Base; path = Base.lproj/LaunchScreen.xib; sourceTree = "<group>"; };
		03BFC5631B622DE000C290FE /* SirenPokerTests.xctest */ = {isa = PBXFileReference; explicitFileType = wrapper.cfbundle; includeInIndex = 0; path = SirenPokerTests.xctest; sourceTree = BUILT_PRODUCTS_DIR; };
		03BFC5681B622DE000C290FE /* Info.plist */ = {isa = PBXFileReference; lastKnownFileType = text.plist.xml; path = Info.plist; sourceTree = "<group>"; };
		03BFC5691B622DE000C290FE /* SirenPokerTests.swift */ = {isa = PBXFileReference; lastKnownFileType = sourcecode.swift; path = SirenPokerTests.swift; sourceTree = "<group>"; };
		03DCA3F51B69F9C300C3E303 /* CardViewController.swift */ = {isa = PBXFileReference; fileEncoding = 4; lastKnownFileType = sourcecode.swift; path = CardViewController.swift; sourceTree = "<group>"; };
		03DCA3F61B69F9C300C3E303 /* DeckViewController.swift */ = {isa = PBXFileReference; fileEncoding = 4; lastKnownFileType = sourcecode.swift; path = DeckViewController.swift; sourceTree = "<group>"; };
		03DCA3FA1B69F9D000C3E303 /* Card.swift */ = {isa = PBXFileReference; fileEncoding = 4; lastKnownFileType = sourcecode.swift; path = Card.swift; sourceTree = "<group>"; };
		03DCA3FB1B69F9D000C3E303 /* Packet.swift */ = {isa = PBXFileReference; fileEncoding = 4; lastKnownFileType = sourcecode.swift; path = Packet.swift; sourceTree = "<group>"; };
		03DCA3FF1B69F9E800C3E303 /* Peer.swift */ = {isa = PBXFileReference; fileEncoding = 4; lastKnownFileType = sourcecode.swift; path = Peer.swift; sourceTree = "<group>"; };
		03DCA4021B69FA1400C3E303 /* Notification.swift */ = {isa = PBXFileReference; fileEncoding = 4; lastKnownFileType = sourcecode.swift; path = Notification.swift; sourceTree = "<group>"; };
		03DCA4031B69FA1400C3E303 /* UserDefaults.swift */ = {isa = PBXFileReference; fileEncoding = 4; lastKnownFileType = sourcecode.swift; path = UserDefaults.swift; sourceTree = "<group>"; };
		03DCA40A1B6A050200C3E303 /* CardView.swift */ = {isa = PBXFileReference; fileEncoding = 4; lastKnownFileType = sourcecode.swift; path = CardView.swift; sourceTree = "<group>"; };
		03DCA40C1B6A050F00C3E303 /* CGFloatLiteral.swift */ = {isa = PBXFileReference; fileEncoding = 4; lastKnownFileType = sourcecode.swift; path = CGFloatLiteral.swift; sourceTree = "<group>"; };
		50B5E6C40BF7301BCB28B747 /* Pods.release.xcconfig */ = {isa = PBXFileReference; includeInIndex = 1; lastKnownFileType = text.xcconfig; name = Pods.release.xcconfig; path = "Pods/Target Support Files/Pods/Pods.release.xcconfig"; sourceTree = "<group>"; };
		65E7D2810258367F8967DE10 /* SwiftyImage_SwiftyImage.swift */ = {isa = PBXFileReference; includeInIndex = 1; lastKnownFileType = sourcecode.swift; name = SwiftyImage_SwiftyImage.swift; path = Seeds/SwiftyImage/SwiftyImage/SwiftyImage_SwiftyImage.swift; sourceTree = "<group>"; };
		70EAC5462632CB23A0543B07 /* SwiftyColor_SwiftyColor.swift */ = {isa = PBXFileReference; includeInIndex = 1; lastKnownFileType = sourcecode.swift; name = SwiftyColor_SwiftyColor.swift; path = Seeds/SwiftyColor/SwiftyColor/SwiftyColor_SwiftyColor.swift; sourceTree = "<group>"; };
		C3E8B2B93026C94253CFCE0F /* Pods.debug.xcconfig */ = {isa = PBXFileReference; includeInIndex = 1; lastKnownFileType = text.xcconfig; name = Pods.debug.xcconfig; path = "Pods/Target Support Files/Pods/Pods.debug.xcconfig"; sourceTree = "<group>"; };
		D87326FD6289BD6957E9D8CF /* Pods.framework */ = {isa = PBXFileReference; explicitFileType = wrapper.framework; includeInIndex = 0; path = Pods.framework; sourceTree = BUILT_PRODUCTS_DIR; };
/* End PBXFileReference section */

/* Begin PBXFrameworksBuildPhase section */
		03BFC54B1B622DDF00C290FE /* Frameworks */ = {
			isa = PBXFrameworksBuildPhase;
			buildActionMask = 2147483647;
			files = (
				035E208B1B664BA100B625E4 /* CoreBluetooth.framework in Frameworks */,
			);
			runOnlyForDeploymentPostprocessing = 0;
		};
		03BFC5601B622DE000C290FE /* Frameworks */ = {
			isa = PBXFrameworksBuildPhase;
			buildActionMask = 2147483647;
			files = (
			);
			runOnlyForDeploymentPostprocessing = 0;
		};
/* End PBXFrameworksBuildPhase section */

/* Begin PBXGroup section */
		03ADD75B1B67E2BA000753FC /* Views */ = {
			isa = PBXGroup;
			children = (
				03DCA40A1B6A050200C3E303 /* CardView.swift */,
				03ADD75E1B67E3D1000753FC /* CardCell.swift */,
				03ADD75C1B67E2BA000753FC /* HScroller.swift */,
			);
			path = Views;
			sourceTree = "<group>";
		};
		03BFC5451B622DDF00C290FE = {
			isa = PBXGroup;
			children = (
				03BFC5501B622DDF00C290FE /* SirenPoker */,
				03BFC5661B622DE000C290FE /* SirenPokerTests */,
				03BFC54F1B622DDF00C290FE /* Products */,
				3E5AAD2B684B4FD35407729A /* Pods */,
				34AEF6218A22388C9E961304 /* Frameworks */,
				0739FA024AB80925B32D64D1 /* Seeds */,
			);
			sourceTree = "<group>";
		};
		03BFC54F1B622DDF00C290FE /* Products */ = {
			isa = PBXGroup;
			children = (
				03BFC54E1B622DDF00C290FE /* SirenPoker.app */,
				03BFC5631B622DE000C290FE /* SirenPokerTests.xctest */,
			);
			name = Products;
			sourceTree = "<group>";
		};
		03BFC5501B622DDF00C290FE /* SirenPoker */ = {
			isa = PBXGroup;
			children = (
				03BFC5531B622DE000C290FE /* AppDelegate.swift */,
				03DCA3FE1B69F9E800C3E303 /* Network */,
				03DCA3F91B69F9D000C3E303 /* Models */,
				03DCA3F41B69F9C300C3E303 /* ViewControllers */,
				03ADD75B1B67E2BA000753FC /* Views */,
				03DCA4011B69FA1400C3E303 /* Utils */,
				03BFC55A1B622DE000C290FE /* Images.xcassets */,
				03BFC55C1B622DE000C290FE /* LaunchScreen.xib */,
				03BFC5511B622DDF00C290FE /* Supporting Files */,
			);
			path = SirenPoker;
			sourceTree = "<group>";
		};
		03BFC5511B622DDF00C290FE /* Supporting Files */ = {
			isa = PBXGroup;
			children = (
				03BFC5521B622DDF00C290FE /* Info.plist */,
			);
			name = "Supporting Files";
			sourceTree = "<group>";
		};
		03BFC5661B622DE000C290FE /* SirenPokerTests */ = {
			isa = PBXGroup;
			children = (
				03BFC5691B622DE000C290FE /* SirenPokerTests.swift */,
				03BFC5671B622DE000C290FE /* Supporting Files */,
			);
			path = SirenPokerTests;
			sourceTree = "<group>";
		};
		03BFC5671B622DE000C290FE /* Supporting Files */ = {
			isa = PBXGroup;
			children = (
				03BFC5681B622DE000C290FE /* Info.plist */,
			);
			name = "Supporting Files";
			sourceTree = "<group>";
		};
		03DCA3F41B69F9C300C3E303 /* ViewControllers */ = {
			isa = PBXGroup;
			children = (
				03DCA3F61B69F9C300C3E303 /* DeckViewController.swift */,
				03DCA3F51B69F9C300C3E303 /* CardViewController.swift */,
			);
			path = ViewControllers;
			sourceTree = "<group>";
		};
		03DCA3F91B69F9D000C3E303 /* Models */ = {
			isa = PBXGroup;
			children = (
				03DCA3FA1B69F9D000C3E303 /* Card.swift */,
				03DCA3FB1B69F9D000C3E303 /* Packet.swift */,
			);
			path = Models;
			sourceTree = "<group>";
		};
		03DCA3FE1B69F9E800C3E303 /* Network */ = {
			isa = PBXGroup;
			children = (
				03DCA3FF1B69F9E800C3E303 /* Peer.swift */,
			);
			path = Network;
			sourceTree = "<group>";
		};
		03DCA4011B69FA1400C3E303 /* Utils */ = {
			isa = PBXGroup;
			children = (
				03DCA40C1B6A050F00C3E303 /* CGFloatLiteral.swift */,
				03DCA4021B69FA1400C3E303 /* Notification.swift */,
				03DCA4031B69FA1400C3E303 /* UserDefaults.swift */,
				035D34231B6A8D9300DFEF34 /* StringIndexUtils.swift */,
			);
			path = Utils;
			sourceTree = "<group>";
		};
		0739FA024AB80925B32D64D1 /* Seeds */ = {
			isa = PBXGroup;
			children = (
				0DB3F3E669562196F3B61D99 /* SwiftyColor */,
				A32DAFCA7B9F91AF70D115B2 /* SwiftyImage */,
			);
			name = Seeds;
			sourceTree = "<group>";
		};
		0DB3F3E669562196F3B61D99 /* SwiftyColor */ = {
			isa = PBXGroup;
			children = (
				70EAC5462632CB23A0543B07 /* SwiftyColor_SwiftyColor.swift */,
			);
			name = SwiftyColor;
			sourceTree = "<group>";
		};
		34AEF6218A22388C9E961304 /* Frameworks */ = {
			isa = PBXGroup;
			children = (
				035E208A1B664BA100B625E4 /* CoreBluetooth.framework */,
				D87326FD6289BD6957E9D8CF /* Pods.framework */,
			);
			name = Frameworks;
			sourceTree = "<group>";
		};
		3E5AAD2B684B4FD35407729A /* Pods */ = {
			isa = PBXGroup;
			children = (
				C3E8B2B93026C94253CFCE0F /* Pods.debug.xcconfig */,
				50B5E6C40BF7301BCB28B747 /* Pods.release.xcconfig */,
			);
			name = Pods;
			sourceTree = "<group>";
		};
		A32DAFCA7B9F91AF70D115B2 /* SwiftyImage */ = {
			isa = PBXGroup;
			children = (
				65E7D2810258367F8967DE10 /* SwiftyImage_SwiftyImage.swift */,
			);
			name = SwiftyImage;
			sourceTree = "<group>";
		};
/* End PBXGroup section */

/* Begin PBXNativeTarget section */
		03BFC54D1B622DDF00C290FE /* SirenPoker */ = {
			isa = PBXNativeTarget;
			buildConfigurationList = 03BFC56D1B622DE000C290FE /* Build configuration list for PBXNativeTarget "SirenPoker" */;
			buildPhases = (
				03BFC54A1B622DDF00C290FE /* Sources */,
				03BFC54B1B622DDF00C290FE /* Frameworks */,
				03BFC54C1B622DDF00C290FE /* Resources */,
			);
			buildRules = (
			);
			dependencies = (
			);
			name = SirenPoker;
			productName = SirenPoker;
			productReference = 03BFC54E1B622DDF00C290FE /* SirenPoker.app */;
			productType = "com.apple.product-type.application";
		};
		03BFC5621B622DE000C290FE /* SirenPokerTests */ = {
			isa = PBXNativeTarget;
			buildConfigurationList = 03BFC5701B622DE000C290FE /* Build configuration list for PBXNativeTarget "SirenPokerTests" */;
			buildPhases = (
				03BFC55F1B622DE000C290FE /* Sources */,
				03BFC5601B622DE000C290FE /* Frameworks */,
				03BFC5611B622DE000C290FE /* Resources */,
			);
			buildRules = (
			);
			dependencies = (
				03BFC5651B622DE000C290FE /* PBXTargetDependency */,
			);
			name = SirenPokerTests;
			productName = SirenPokerTests;
			productReference = 03BFC5631B622DE000C290FE /* SirenPokerTests.xctest */;
			productType = "com.apple.product-type.bundle.unit-test";
		};
/* End PBXNativeTarget section */

/* Begin PBXProject section */
		03BFC5461B622DDF00C290FE /* Project object */ = {
			isa = PBXProject;
			attributes = {
				LastSwiftMigration = 0700;
				LastSwiftUpdateCheck = 0700;
				LastUpgradeCheck = 0700;
				ORGANIZATIONNAME = "Suyeol Jeon";
				TargetAttributes = {
					03BFC54D1B622DDF00C290FE = {
						CreatedOnToolsVersion = 6.4;
					};
					03BFC5621B622DE000C290FE = {
						CreatedOnToolsVersion = 6.4;
						TestTargetID = 03BFC54D1B622DDF00C290FE;
					};
				};
			};
			buildConfigurationList = 03BFC5491B622DDF00C290FE /* Build configuration list for PBXProject "SirenPoker" */;
			compatibilityVersion = "Xcode 3.2";
			developmentRegion = English;
			hasScannedForEncodings = 0;
			knownRegions = (
				en,
				Base,
			);
			mainGroup = 03BFC5451B622DDF00C290FE;
			productRefGroup = 03BFC54F1B622DDF00C290FE /* Products */;
			projectDirPath = "";
			projectRoot = "";
			targets = (
				03BFC54D1B622DDF00C290FE /* SirenPoker */,
				03BFC5621B622DE000C290FE /* SirenPokerTests */,
			);
		};
/* End PBXProject section */

/* Begin PBXResourcesBuildPhase section */
		03BFC54C1B622DDF00C290FE /* Resources */ = {
			isa = PBXResourcesBuildPhase;
			buildActionMask = 2147483647;
			files = (
				03BFC55E1B622DE000C290FE /* LaunchScreen.xib in Resources */,
				03BFC55B1B622DE000C290FE /* Images.xcassets in Resources */,
			);
			runOnlyForDeploymentPostprocessing = 0;
		};
		03BFC5611B622DE000C290FE /* Resources */ = {
			isa = PBXResourcesBuildPhase;
			buildActionMask = 2147483647;
			files = (
			);
			runOnlyForDeploymentPostprocessing = 0;
		};
/* End PBXResourcesBuildPhase section */

/* Begin PBXSourcesBuildPhase section */
		03BFC54A1B622DDF00C290FE /* Sources */ = {
			isa = PBXSourcesBuildPhase;
			buildActionMask = 2147483647;
			files = (
				03ADD75F1B67E3D1000753FC /* CardCell.swift in Sources */,
				03ADD75D1B67E2BA000753FC /* HScroller.swift in Sources */,
				03DCA3FD1B69F9D000C3E303 /* Packet.swift in Sources */,
				035D34241B6A8D9300DFEF34 /* StringIndexUtils.swift in Sources */,
				03DCA4051B69FA1400C3E303 /* UserDefaults.swift in Sources */,
				03DCA40D1B6A050F00C3E303 /* CGFloatLiteral.swift in Sources */,
				03DCA4001B69F9E800C3E303 /* Peer.swift in Sources */,
				03DCA3F71B69F9C300C3E303 /* CardViewController.swift in Sources */,
				03DCA4041B69FA1400C3E303 /* Notification.swift in Sources */,
				03DCA3F81B69F9C300C3E303 /* DeckViewController.swift in Sources */,
				03BFC5541B622DE000C290FE /* AppDelegate.swift in Sources */,
				03DCA40B1B6A050200C3E303 /* CardView.swift in Sources */,
				03DCA3FC1B69F9D000C3E303 /* Card.swift in Sources */,
				E4BD6872C5346C9F12C17003 /* SwiftyColor_SwiftyColor.swift in Sources */,
				6F56B563504E2814F3B820DD /* SwiftyImage_SwiftyImage.swift in Sources */,
			);
			runOnlyForDeploymentPostprocessing = 0;
		};
		03BFC55F1B622DE000C290FE /* Sources */ = {
			isa = PBXSourcesBuildPhase;
			buildActionMask = 2147483647;
			files = (
				03BFC56A1B622DE000C290FE /* SirenPokerTests.swift in Sources */,
			);
			runOnlyForDeploymentPostprocessing = 0;
		};
/* End PBXSourcesBuildPhase section */

/* Begin PBXTargetDependency section */
		03BFC5651B622DE000C290FE /* PBXTargetDependency */ = {
			isa = PBXTargetDependency;
			target = 03BFC54D1B622DDF00C290FE /* SirenPoker */;
			targetProxy = 03BFC5641B622DE000C290FE /* PBXContainerItemProxy */;
		};
/* End PBXTargetDependency section */

/* Begin PBXVariantGroup section */
		03BFC55C1B622DE000C290FE /* LaunchScreen.xib */ = {
			isa = PBXVariantGroup;
			children = (
				03BFC55D1B622DE000C290FE /* Base */,
			);
			name = LaunchScreen.xib;
			sourceTree = "<group>";
		};
/* End PBXVariantGroup section */

/* Begin XCBuildConfiguration section */
		03BFC56B1B622DE000C290FE /* Debug */ = {
			isa = XCBuildConfiguration;
			buildSettings = {
				ALWAYS_SEARCH_USER_PATHS = NO;
				CLANG_CXX_LANGUAGE_STANDARD = "gnu++0x";
				CLANG_CXX_LIBRARY = "libc++";
				CLANG_ENABLE_MODULES = YES;
				CLANG_ENABLE_OBJC_ARC = YES;
				CLANG_WARN_BOOL_CONVERSION = YES;
				CLANG_WARN_CONSTANT_CONVERSION = YES;
				CLANG_WARN_DIRECT_OBJC_ISA_USAGE = YES_ERROR;
				CLANG_WARN_EMPTY_BODY = YES;
				CLANG_WARN_ENUM_CONVERSION = YES;
				CLANG_WARN_INT_CONVERSION = YES;
				CLANG_WARN_OBJC_ROOT_CLASS = YES_ERROR;
				CLANG_WARN_UNREACHABLE_CODE = YES;
				CLANG_WARN__DUPLICATE_METHOD_MATCH = YES;
				"CODE_SIGN_IDENTITY[sdk=iphoneos*]" = "iPhone Developer";
				COPY_PHASE_STRIP = NO;
				DEBUG_INFORMATION_FORMAT = "dwarf-with-dsym";
				ENABLE_STRICT_OBJC_MSGSEND = YES;
				ENABLE_TESTABILITY = YES;
				GCC_C_LANGUAGE_STANDARD = gnu99;
				GCC_DYNAMIC_NO_PIC = NO;
				GCC_NO_COMMON_BLOCKS = YES;
				GCC_OPTIMIZATION_LEVEL = 0;
				GCC_PREPROCESSOR_DEFINITIONS = (
					"DEBUG=1",
					"$(inherited)",
				);
				GCC_SYMBOLS_PRIVATE_EXTERN = NO;
				GCC_WARN_64_TO_32_BIT_CONVERSION = YES;
				GCC_WARN_ABOUT_RETURN_TYPE = YES_ERROR;
				GCC_WARN_UNDECLARED_SELECTOR = YES;
				GCC_WARN_UNINITIALIZED_AUTOS = YES_AGGRESSIVE;
				GCC_WARN_UNUSED_FUNCTION = YES;
				GCC_WARN_UNUSED_VARIABLE = YES;
				IPHONEOS_DEPLOYMENT_TARGET = 8.4;
				MTL_ENABLE_DEBUG_INFO = YES;
				ONLY_ACTIVE_ARCH = YES;
				SDKROOT = iphoneos;
				SWIFT_OPTIMIZATION_LEVEL = "-Onone";
				TARGETED_DEVICE_FAMILY = "1,2";
			};
			name = Debug;
		};
		03BFC56C1B622DE000C290FE /* Release */ = {
			isa = XCBuildConfiguration;
			buildSettings = {
				ALWAYS_SEARCH_USER_PATHS = NO;
				CLANG_CXX_LANGUAGE_STANDARD = "gnu++0x";
				CLANG_CXX_LIBRARY = "libc++";
				CLANG_ENABLE_MODULES = YES;
				CLANG_ENABLE_OBJC_ARC = YES;
				CLANG_WARN_BOOL_CONVERSION = YES;
				CLANG_WARN_CONSTANT_CONVERSION = YES;
				CLANG_WARN_DIRECT_OBJC_ISA_USAGE = YES_ERROR;
				CLANG_WARN_EMPTY_BODY = YES;
				CLANG_WARN_ENUM_CONVERSION = YES;
				CLANG_WARN_INT_CONVERSION = YES;
				CLANG_WARN_OBJC_ROOT_CLASS = YES_ERROR;
				CLANG_WARN_UNREACHABLE_CODE = YES;
				CLANG_WARN__DUPLICATE_METHOD_MATCH = YES;
				"CODE_SIGN_IDENTITY[sdk=iphoneos*]" = "iPhone Developer";
				COPY_PHASE_STRIP = NO;
				DEBUG_INFORMATION_FORMAT = "dwarf-with-dsym";
				ENABLE_NS_ASSERTIONS = NO;
				ENABLE_STRICT_OBJC_MSGSEND = YES;
				GCC_C_LANGUAGE_STANDARD = gnu99;
				GCC_NO_COMMON_BLOCKS = YES;
				GCC_WARN_64_TO_32_BIT_CONVERSION = YES;
				GCC_WARN_ABOUT_RETURN_TYPE = YES_ERROR;
				GCC_WARN_UNDECLARED_SELECTOR = YES;
				GCC_WARN_UNINITIALIZED_AUTOS = YES_AGGRESSIVE;
				GCC_WARN_UNUSED_FUNCTION = YES;
				GCC_WARN_UNUSED_VARIABLE = YES;
				IPHONEOS_DEPLOYMENT_TARGET = 8.4;
				MTL_ENABLE_DEBUG_INFO = NO;
				SDKROOT = iphoneos;
				TARGETED_DEVICE_FAMILY = "1,2";
				VALIDATE_PRODUCT = YES;
			};
			name = Release;
		};
		03BFC56E1B622DE000C290FE /* Debug */ = {
			isa = XCBuildConfiguration;
			buildSettings = {
				ASSETCATALOG_COMPILER_APPICON_NAME = AppIcon;
				INFOPLIST_FILE = SirenPoker/Info.plist;
				LD_RUNPATH_SEARCH_PATHS = "$(inherited) @executable_path/Frameworks";
				PRODUCT_BUNDLE_IDENTIFIER = "kr.xoul.$(PRODUCT_NAME:rfc1034identifier)";
				PRODUCT_NAME = "$(TARGET_NAME)";
			};
			name = Debug;
		};
		03BFC56F1B622DE000C290FE /* Release */ = {
			isa = XCBuildConfiguration;
			buildSettings = {
				ASSETCATALOG_COMPILER_APPICON_NAME = AppIcon;
				INFOPLIST_FILE = SirenPoker/Info.plist;
				LD_RUNPATH_SEARCH_PATHS = "$(inherited) @executable_path/Frameworks";
				PRODUCT_BUNDLE_IDENTIFIER = "kr.xoul.$(PRODUCT_NAME:rfc1034identifier)";
				PRODUCT_NAME = "$(TARGET_NAME)";
			};
			name = Release;
		};
		03BFC5711B622DE000C290FE /* Debug */ = {
			isa = XCBuildConfiguration;
			buildSettings = {
				BUNDLE_LOADER = "$(TEST_HOST)";
				FRAMEWORK_SEARCH_PATHS = (
					"$(SDKROOT)/Developer/Library/Frameworks",
					"$(inherited)",
				);
				GCC_PREPROCESSOR_DEFINITIONS = (
					"DEBUG=1",
					"$(inherited)",
				);
				INFOPLIST_FILE = SirenPokerTests/Info.plist;
				LD_RUNPATH_SEARCH_PATHS = "$(inherited) @executable_path/Frameworks @loader_path/Frameworks";
				PRODUCT_BUNDLE_IDENTIFIER = "kr.xoul.$(PRODUCT_NAME:rfc1034identifier)";
				PRODUCT_NAME = "$(TARGET_NAME)";
				TEST_HOST = "$(BUILT_PRODUCTS_DIR)/SirenPoker.app/SirenPoker";
			};
			name = Debug;
		};
		03BFC5721B622DE000C290FE /* Release */ = {
			isa = XCBuildConfiguration;
			buildSettings = {
				BUNDLE_LOADER = "$(TEST_HOST)";
				FRAMEWORK_SEARCH_PATHS = (
					"$(SDKROOT)/Developer/Library/Frameworks",
					"$(inherited)",
				);
				INFOPLIST_FILE = SirenPokerTests/Info.plist;
				LD_RUNPATH_SEARCH_PATHS = "$(inherited) @executable_path/Frameworks @loader_path/Frameworks";
				PRODUCT_BUNDLE_IDENTIFIER = "kr.xoul.$(PRODUCT_NAME:rfc1034identifier)";
				PRODUCT_NAME = "$(TARGET_NAME)";
				TEST_HOST = "$(BUILT_PRODUCTS_DIR)/SirenPoker.app/SirenPoker";
			};
			name = Release;
		};
/* End XCBuildConfiguration section */

/* Begin XCConfigurationList section */
		03BFC5491B622DDF00C290FE /* Build configuration list for PBXProject "SirenPoker" */ = {
			isa = XCConfigurationList;
			buildConfigurations = (
				03BFC56B1B622DE000C290FE /* Debug */,
				03BFC56C1B622DE000C290FE /* Release */,
			);
			defaultConfigurationIsVisible = 0;
			defaultConfigurationName = Release;
		};
		03BFC56D1B622DE000C290FE /* Build configuration list for PBXNativeTarget "SirenPoker" */ = {
			isa = XCConfigurationList;
			buildConfigurations = (
				03BFC56E1B622DE000C290FE /* Debug */,
				03BFC56F1B622DE000C290FE /* Release */,
			);
			defaultConfigurationIsVisible = 0;
			defaultConfigurationName = Release;
		};
		03BFC5701B622DE000C290FE /* Build configuration list for PBXNativeTarget "SirenPokerTests" */ = {
			isa = XCConfigurationList;
			buildConfigurations = (
				03BFC5711B622DE000C290FE /* Debug */,
				03BFC5721B622DE000C290FE /* Release */,
			);
			defaultConfigurationIsVisible = 0;
			defaultConfigurationName = Release;
		};
/* End XCConfigurationList section */
	};
	rootObject = 03BFC5461B622DDF00C290FE /* Project object */;
}
